
Microsoft Visual Studio Solution File, Format Version 12.00
# Visual Studio Version 16
VisualStudioVersion = 16.0.29519.181
MinimumVisualStudioVersion = 10.0.40219.1
Project("{FAE04EC0-301F-11D3-BF4B-00C04F79EFBC}") = "Selection_Copy", "Selection_Copy\Selection_Copy.csproj", "{7CBF3E6D-A9D9-4F9E-98C3-176C00C3FA06}"
EndProject
Global
	GlobalSection(SolutionConfigurationPlatforms) = preSolution
		Debug|Any CPU = Debug|Any CPU
		Release|Any CPU = Release|Any CPU
	EndGlobalSection
	GlobalSection(ProjectConfigurationPlatforms) = postSolution
		{7CBF3E6D-A9D9-4F9E-98C3-176C00C3FA06}.Debug|Any CPU.ActiveCfg = Debug|Any CPU
		{7CBF3E6D-A9D9-4F9E-98C3-176C00C3FA06}.Debug|Any CPU.Build.0 = Debug|Any CPU
		{7CBF3E6D-A9D9-4F9E-98C3-176C00C3FA06}.Release|Any CPU.ActiveCfg = Release|Any CPU
		{7CBF3E6D-A9D9-4F9E-98C3-176C00C3FA06}.Release|Any CPU.Build.0 = Release|Any CPU
	EndGlobalSection
	GlobalSection(SolutionProperties) = preSolution
		HideSolutionNode = FALSE
	EndGlobalSection
	GlobalSection(ExtensibilityGlobals) = postSolution
		SolutionGuid = {C565B722-9588-4A08-9C26-6FFD89D50F99}
	EndGlobalSection
EndGlobal
